
Microsoft Visual Studio Solution File, Format Version 12.00
# Visual Studio Version 17
VisualStudioVersion = 17.9.34728.123
MinimumVisualStudioVersion = 10.0.40219.1
Project("{FAE04EC0-301F-11D3-BF4B-00C04F79EFBC}") = "SaveFileWatcher", "SaveFileWatcher.csproj", "{B3250A9E-0F79-4DD9-A71D-85037DE4EAFD}"
EndProject
Global
	GlobalSection(SolutionConfigurationPlatforms) = preSolution
		Debug|Any CPU = Debug|Any CPU
		Release|Any CPU = Release|Any CPU
	EndGlobalSection
	GlobalSection(ProjectConfigurationPlatforms) = postSolution
		{B3250A9E-0F79-4DD9-A71D-85037DE4EAFD}.Debug|Any CPU.ActiveCfg = Debug|Any CPU
		{B3250A9E-0F79-4DD9-A71D-85037DE4EAFD}.Debug|Any CPU.Build.0 = Debug|Any CPU
		{B3250A9E-0F79-4DD9-A71D-85037DE4EAFD}.Release|Any CPU.ActiveCfg = Release|Any CPU
		{B3250A9E-0F79-4DD9-A71D-85037DE4EAFD}.Release|Any CPU.Build.0 = Release|Any CPU
	EndGlobalSection
	GlobalSection(SolutionProperties) = preSolution
		HideSolutionNode = FALSE
	EndGlobalSection
	GlobalSection(ExtensibilityGlobals) = postSolution
		SolutionGuid = {C0B509AA-96A2-4697-8BCE-ACFCF44CA3C4}
	EndGlobalSection
EndGlobal
